
Microsoft Visual Studio Solution File, Format Version 12.00
# Visual Studio 15
Project("{FAE04EC0-301F-11D3-BF4B-00C04F79EFBC}") = "Assembly-CSharp", "Assembly-CSharp.csproj", "{E59D7B35-DC7D-8B1D-8AF6-E72A35957941}"
EndProject
Project("{FAE04EC0-301F-11D3-BF4B-00C04F79EFBC}") = "Assembly-CSharp-Editor", "Assembly-CSharp-Editor.csproj", "{0F99ECB0-A006-305E-08FB-912968A444E1}"
EndProject
Global
	GlobalSection(SolutionConfigurationPlatforms) = preSolution
		Debug|Any CPU = Debug|Any CPU
		Release|Any CPU = Release|Any CPU
	EndGlobalSection
	GlobalSection(ProjectConfigurationPlatforms) = postSolution
		{E59D7B35-DC7D-8B1D-8AF6-E72A35957941}.Debug|Any CPU.ActiveCfg = Debug|Any CPU
		{E59D7B35-DC7D-8B1D-8AF6-E72A35957941}.Debug|Any CPU.Build.0 = Debug|Any CPU
		{E59D7B35-DC7D-8B1D-8AF6-E72A35957941}.Release|Any CPU.ActiveCfg = Release|Any CPU
		{E59D7B35-DC7D-8B1D-8AF6-E72A35957941}.Release|Any CPU.Build.0 = Release|Any CPU
		{0F99ECB0-A006-305E-08FB-912968A444E1}.Debug|Any CPU.ActiveCfg = Debug|Any CPU
		{0F99ECB0-A006-305E-08FB-912968A444E1}.Debug|Any CPU.Build.0 = Debug|Any CPU
		{0F99ECB0-A006-305E-08FB-912968A444E1}.Release|Any CPU.ActiveCfg = Release|Any CPU
		{0F99ECB0-A006-305E-08FB-912968A444E1}.Release|Any CPU.Build.0 = Release|Any CPU
	EndGlobalSection
	GlobalSection(SolutionProperties) = preSolution
		HideSolutionNode = FALSE
	EndGlobalSection
EndGlobal
